
Microsoft Visual Studio Solution File, Format Version 12.00
# Visual Studio 15
VisualStudioVersion = 15.0.27130.2010
MinimumVisualStudioVersion = 10.0.40219.1
Project("{2150E333-8FDC-42A3-9474-1A3956D46DE8}") = "Data", "Data", "{1258760D-2DB7-4C4A-ADC9-7B783E802584}"
EndProject
Project("{2150E333-8FDC-42A3-9474-1A3956D46DE8}") = "Services", "Services", "{556574C9-3363-4528-BB08-C4D252FCD366}"
EndProject
Project("{2150E333-8FDC-42A3-9474-1A3956D46DE8}") = "Web", "Web", "{A33C8E40-907E-497D-85ED-1E7CDB621DBF}"
EndProject
Project("{2150E333-8FDC-42A3-9474-1A3956D46DE8}") = "Api", "Api", "{C85E52E4-0C03-47FC-B302-A77E5AED0FA8}"
EndProject
Project("{2150E333-8FDC-42A3-9474-1A3956D46DE8}") = "Tests", "Tests", "{8BEA8160-414B-493A-9606-3B642085DD00}"
EndProject
Project("{FAE04EC0-301F-11D3-BF4B-00C04F79EFBC}") = "Change.Data", "ChangeData\Change.Data.csproj", "{4FEFD8D8-7BF5-4206-B6C8-C2327BD92D6D}"
EndProject
Project("{FAE04EC0-301F-11D3-BF4B-00C04F79EFBC}") = "Change.Service", "Change.Service\Change.Service.csproj", "{0B889980-860A-4D79-8E51-7D4AA9319745}"
EndProject
Project("{FAE04EC0-301F-11D3-BF4B-00C04F79EFBC}") = "Change.Web", "Change.Web\Change.Web.csproj", "{B23511C2-1897-4E15-842A-6F7F50DA211A}"
EndProject
Project("{FAE04EC0-301F-11D3-BF4B-00C04F79EFBC}") = "Chane.Api", "Chane.Api\Chane.Api.csproj", "{382F6B8D-55B8-47CE-B54E-3D63308887B3}"
EndProject
Project("{2150E333-8FDC-42A3-9474-1A3956D46DE8}") = "Common", "Common", "{8DEA8D9E-DCC1-458F-839B-EB69D650BE92}"
EndProject
Global
	GlobalSection(SolutionConfigurationPlatforms) = preSolution
		Debug|Any CPU = Debug|Any CPU
		Release|Any CPU = Release|Any CPU
	EndGlobalSection
	GlobalSection(ProjectConfigurationPlatforms) = postSolution
		{4FEFD8D8-7BF5-4206-B6C8-C2327BD92D6D}.Debug|Any CPU.ActiveCfg = Debug|Any CPU
		{4FEFD8D8-7BF5-4206-B6C8-C2327BD92D6D}.Debug|Any CPU.Build.0 = Debug|Any CPU
		{4FEFD8D8-7BF5-4206-B6C8-C2327BD92D6D}.Release|Any CPU.ActiveCfg = Release|Any CPU
		{4FEFD8D8-7BF5-4206-B6C8-C2327BD92D6D}.Release|Any CPU.Build.0 = Release|Any CPU
		{0B889980-860A-4D79-8E51-7D4AA9319745}.Debug|Any CPU.ActiveCfg = Debug|Any CPU
		{0B889980-860A-4D79-8E51-7D4AA9319745}.Debug|Any CPU.Build.0 = Debug|Any CPU
		{0B889980-860A-4D79-8E51-7D4AA9319745}.Release|Any CPU.ActiveCfg = Release|Any CPU
		{0B889980-860A-4D79-8E51-7D4AA9319745}.Release|Any CPU.Build.0 = Release|Any CPU
		{B23511C2-1897-4E15-842A-6F7F50DA211A}.Debug|Any CPU.ActiveCfg = Debug|Any CPU
		{B23511C2-1897-4E15-842A-6F7F50DA211A}.Debug|Any CPU.Build.0 = Debug|Any CPU
		{B23511C2-1897-4E15-842A-6F7F50DA211A}.Release|Any CPU.ActiveCfg = Release|Any CPU
		{B23511C2-1897-4E15-842A-6F7F50DA211A}.Release|Any CPU.Build.0 = Release|Any CPU
		{382F6B8D-55B8-47CE-B54E-3D63308887B3}.Debug|Any CPU.ActiveCfg = Debug|Any CPU
		{382F6B8D-55B8-47CE-B54E-3D63308887B3}.Debug|Any CPU.Build.0 = Debug|Any CPU
		{382F6B8D-55B8-47CE-B54E-3D63308887B3}.Release|Any CPU.ActiveCfg = Release|Any CPU
		{382F6B8D-55B8-47CE-B54E-3D63308887B3}.Release|Any CPU.Build.0 = Release|Any CPU
	EndGlobalSection
	GlobalSection(SolutionProperties) = preSolution
		HideSolutionNode = FALSE
	EndGlobalSection
	GlobalSection(NestedProjects) = preSolution
		{4FEFD8D8-7BF5-4206-B6C8-C2327BD92D6D} = {1258760D-2DB7-4C4A-ADC9-7B783E802584}
		{0B889980-860A-4D79-8E51-7D4AA9319745} = {556574C9-3363-4528-BB08-C4D252FCD366}
		{B23511C2-1897-4E15-842A-6F7F50DA211A} = {A33C8E40-907E-497D-85ED-1E7CDB621DBF}
		{382F6B8D-55B8-47CE-B54E-3D63308887B3} = {C85E52E4-0C03-47FC-B302-A77E5AED0FA8}
	EndGlobalSection
	GlobalSection(ExtensibilityGlobals) = postSolution
		SolutionGuid = {73D19B48-06E8-4972-ADB8-D9BACF16F61A}
	EndGlobalSection
EndGlobal
